
Microsoft Visual Studio Solution File, Format Version 12.00
# Visual Studio 2012
Project("{FAE04EC0-301F-11D3-BF4B-00C04F79EFBC}") = "ProjetAppWCF_Interface2037", "ProjetAppWCF_Interface2037\ProjetAppWCF_Interface2037.csproj", "{2325F3C0-ACF1-4D17-9F22-A964536EEC2A}"
EndProject
Project("{2150E333-8FDC-42A3-9474-1A3956D46DE8}") = ".nuget", ".nuget", "{D3AC9A11-BC71-4F49-954E-D9831C11B612}"
	ProjectSection(SolutionItems) = preProject
		.nuget\NuGet.Config = .nuget\NuGet.Config
		.nuget\NuGet.exe = .nuget\NuGet.exe
		.nuget\NuGet.targets = .nuget\NuGet.targets
	EndProjectSection
EndProject
Global
	GlobalSection(SolutionConfigurationPlatforms) = preSolution
		Debug|Any CPU = Debug|Any CPU
		Release|Any CPU = Release|Any CPU
	EndGlobalSection
	GlobalSection(ProjectConfigurationPlatforms) = postSolution
		{2325F3C0-ACF1-4D17-9F22-A964536EEC2A}.Debug|Any CPU.ActiveCfg = Debug|Any CPU
		{2325F3C0-ACF1-4D17-9F22-A964536EEC2A}.Debug|Any CPU.Build.0 = Debug|Any CPU
		{2325F3C0-ACF1-4D17-9F22-A964536EEC2A}.Release|Any CPU.ActiveCfg = Release|Any CPU
		{2325F3C0-ACF1-4D17-9F22-A964536EEC2A}.Release|Any CPU.Build.0 = Release|Any CPU
	EndGlobalSection
	GlobalSection(SolutionProperties) = preSolution
		HideSolutionNode = FALSE
	EndGlobalSection
EndGlobal
